
{
  "nodes": {
    "nixpkgs": {
      "locked": {
        "narHash": "sha256-Z5gFBqIWnp6llz5yt1bCFtQ/v4UcjaKUoCHwYkUcZxA=",
        "type": "tarball",
        "url": "https://github.com/NixOS/nixpkgs/archive/dfccc488dbbc.zip"
      },
      "original": {
        "type": "tarball",
        "url": "https://github.com/NixOS/nixpkgs/archive/dfccc488dbbc.zip"
      }
    },
    "root": {
      "inputs": {
        "nixpkgs": "nixpkgs"
      }
    }
  },
  "root": "root",
  "version": 7
}